
Microsoft Visual Studio Solution File, Format Version 12.00
# Visual Studio Version 17
VisualStudioVersion = 17.4.33205.214
MinimumVisualStudioVersion = 10.0.40219.1
Project("{FAE04EC0-301F-11D3-BF4B-00C04F79EFBC}") = "Hello.Android", "Hello\Hello.Android\Hello.Android.csproj", "{4860F3AE-9EAA-4AFC-AAFA-B5297977A19D}"
EndProject
Project("{FAE04EC0-301F-11D3-BF4B-00C04F79EFBC}") = "Hello.iOS", "Hello\Hello.iOS\Hello.iOS.csproj", "{EADA21CA-2439-4E96-A026-A1356140B7F1}"
EndProject
Project("{FAE04EC0-301F-11D3-BF4B-00C04F79EFBC}") = "Hello", "Hello\Hello\Hello.csproj", "{6DF0AAAF-8A62-47E7-ACE4-EA247D30FA67}"
EndProject
Project("{FAE04EC0-301F-11D3-BF4B-00C04F79EFBC}") = "Hello.UWP", "Hello.UWP\Hello.UWP\Hello.UWP.csproj", "{F3B8A6A9-2171-4905-BD4C-73D224BA533D}"
EndProject
Global
	GlobalSection(SolutionConfigurationPlatforms) = preSolution
		Debug|Any CPU = Debug|Any CPU
		Debug|ARM = Debug|ARM
		Debug|iPhone = Debug|iPhone
		Debug|iPhoneSimulator = Debug|iPhoneSimulator
		Debug|x64 = Debug|x64
		Debug|x86 = Debug|x86
		Release|Any CPU = Release|Any CPU
		Release|ARM = Release|ARM
		Release|iPhone = Release|iPhone
		Release|iPhoneSimulator = Release|iPhoneSimulator
		Release|x64 = Release|x64
		Release|x86 = Release|x86
	EndGlobalSection
	GlobalSection(ProjectConfigurationPlatforms) = postSolution
		{4860F3AE-9EAA-4AFC-AAFA-B5297977A19D}.Debug|Any CPU.ActiveCfg = Debug|Any CPU
		{4860F3AE-9EAA-4AFC-AAFA-B5297977A19D}.Debug|Any CPU.Build.0 = Debug|Any CPU
		{4860F3AE-9EAA-4AFC-AAFA-B5297977A19D}.Debug|Any CPU.Deploy.0 = Debug|Any CPU
		{4860F3AE-9EAA-4AFC-AAFA-B5297977A19D}.Debug|ARM.ActiveCfg = Debug|Any CPU
		{4860F3AE-9EAA-4AFC-AAFA-B5297977A19D}.Debug|ARM.Build.0 = Debug|Any CPU
		{4860F3AE-9EAA-4AFC-AAFA-B5297977A19D}.Debug|ARM.Deploy.0 = Debug|Any CPU
		{4860F3AE-9EAA-4AFC-AAFA-B5297977A19D}.Debug|iPhone.ActiveCfg = Debug|Any CPU
		{4860F3AE-9EAA-4AFC-AAFA-B5297977A19D}.Debug|iPhone.Build.0 = Debug|Any CPU
		{4860F3AE-9EAA-4AFC-AAFA-B5297977A19D}.Debug|iPhone.Deploy.0 = Debug|Any CPU
		{4860F3AE-9EAA-4AFC-AAFA-B5297977A19D}.Debug|iPhoneSimulator.ActiveCfg = Debug|Any CPU
		{4860F3AE-9EAA-4AFC-AAFA-B5297977A19D}.Debug|iPhoneSimulator.Build.0 = Debug|Any CPU
		{4860F3AE-9EAA-4AFC-AAFA-B5297977A19D}.Debug|iPhoneSimulator.Deploy.0 = Debug|Any CPU
		{4860F3AE-9EAA-4AFC-AAFA-B5297977A19D}.Debug|x64.ActiveCfg = Debug|Any CPU
		{4860F3AE-9EAA-4AFC-AAFA-B5297977A19D}.Debug|x64.Build.0 = Debug|Any CPU
		{4860F3AE-9EAA-4AFC-AAFA-B5297977A19D}.Debug|x64.Deploy.0 = Debug|Any CPU
		{4860F3AE-9EAA-4AFC-AAFA-B5297977A19D}.Debug|x86.ActiveCfg = Debug|Any CPU
		{4860F3AE-9EAA-4AFC-AAFA-B5297977A19D}.Debug|x86.Build.0 = Debug|Any CPU
		{4860F3AE-9EAA-4AFC-AAFA-B5297977A19D}.Debug|x86.Deploy.0 = Debug|Any CPU
		{4860F3AE-9EAA-4AFC-AAFA-B5297977A19D}.Release|Any CPU.ActiveCfg = Release|Any CPU
		{4860F3AE-9EAA-4AFC-AAFA-B5297977A19D}.Release|Any CPU.Build.0 = Release|Any CPU
		{4860F3AE-9EAA-4AFC-AAFA-B5297977A19D}.Release|Any CPU.Deploy.0 = Release|Any CPU
		{4860F3AE-9EAA-4AFC-AAFA-B5297977A19D}.Release|ARM.ActiveCfg = Release|Any CPU
		{4860F3AE-9EAA-4AFC-AAFA-B5297977A19D}.Release|ARM.Build.0 = Release|Any CPU
		{4860F3AE-9EAA-4AFC-AAFA-B5297977A19D}.Release|ARM.Deploy.0 = Release|Any CPU
		{4860F3AE-9EAA-4AFC-AAFA-B5297977A19D}.Release|iPhone.ActiveCfg = Release|Any CPU
		{4860F3AE-9EAA-4AFC-AAFA-B5297977A19D}.Release|iPhone.Build.0 = Release|Any CPU
		{4860F3AE-9EAA-4AFC-AAFA-B5297977A19D}.Release|iPhone.Deploy.0 = Release|Any CPU
		{4860F3AE-9EAA-4AFC-AAFA-B5297977A19D}.Release|iPhoneSimulator.ActiveCfg = Release|Any CPU
		{4860F3AE-9EAA-4AFC-AAFA-B5297977A19D}.Release|iPhoneSimulator.Build.0 = Release|Any CPU
		{4860F3AE-9EAA-4AFC-AAFA-B5297977A19D}.Release|iPhoneSimulator.Deploy.0 = Release|Any CPU
		{4860F3AE-9EAA-4AFC-AAFA-B5297977A19D}.Release|x64.ActiveCfg = Release|Any CPU
		{4860F3AE-9EAA-4AFC-AAFA-B5297977A19D}.Release|x64.Build.0 = Release|Any CPU
		{4860F3AE-9EAA-4AFC-AAFA-B5297977A19D}.Release|x64.Deploy.0 = Release|Any CPU
		{4860F3AE-9EAA-4AFC-AAFA-B5297977A19D}.Release|x86.ActiveCfg = Release|Any CPU
		{4860F3AE-9EAA-4AFC-AAFA-B5297977A19D}.Release|x86.Build.0 = Release|Any CPU
		{4860F3AE-9EAA-4AFC-AAFA-B5297977A19D}.Release|x86.Deploy.0 = Release|Any CPU
		{EADA21CA-2439-4E96-A026-A1356140B7F1}.Debug|Any CPU.ActiveCfg = Debug|iPhone
		{EADA21CA-2439-4E96-A026-A1356140B7F1}.Debug|Any CPU.Build.0 = Debug|iPhone
		{EADA21CA-2439-4E96-A026-A1356140B7F1}.Debug|Any CPU.Deploy.0 = Debug|iPhone
		{EADA21CA-2439-4E96-A026-A1356140B7F1}.Debug|ARM.ActiveCfg = Debug|iPhoneSimulator
		{EADA21CA-2439-4E96-A026-A1356140B7F1}.Debug|ARM.Build.0 = Debug|iPhoneSimulator
		{EADA21CA-2439-4E96-A026-A1356140B7F1}.Debug|iPhone.ActiveCfg = Debug|iPhone
		{EADA21CA-2439-4E96-A026-A1356140B7F1}.Debug|iPhone.Build.0 = Debug|iPhone
		{EADA21CA-2439-4E96-A026-A1356140B7F1}.Debug|iPhone.Deploy.0 = Debug|iPhone
		{EADA21CA-2439-4E96-A026-A1356140B7F1}.Debug|iPhoneSimulator.ActiveCfg = Debug|iPhoneSimulator
		{EADA21CA-2439-4E96-A026-A1356140B7F1}.Debug|iPhoneSimulator.Build.0 = Debug|iPhoneSimulator
		{EADA21CA-2439-4E96-A026-A1356140B7F1}.Debug|iPhoneSimulator.Deploy.0 = Debug|iPhoneSimulator
		{EADA21CA-2439-4E96-A026-A1356140B7F1}.Debug|x64.ActiveCfg = Debug|iPhoneSimulator
		{EADA21CA-2439-4E96-A026-A1356140B7F1}.Debug|x64.Build.0 = Debug|iPhoneSimulator
		{EADA21CA-2439-4E96-A026-A1356140B7F1}.Debug|x86.ActiveCfg = Debug|iPhoneSimulator
		{EADA21CA-2439-4E96-A026-A1356140B7F1}.Debug|x86.Build.0 = Debug|iPhoneSimulator
		{EADA21CA-2439-4E96-A026-A1356140B7F1}.Release|Any CPU.ActiveCfg = Release|iPhoneSimulator
		{EADA21CA-2439-4E96-A026-A1356140B7F1}.Release|Any CPU.Build.0 = Release|iPhoneSimulator
		{EADA21CA-2439-4E96-A026-A1356140B7F1}.Release|Any CPU.Deploy.0 = Release|iPhoneSimulator
		{EADA21CA-2439-4E96-A026-A1356140B7F1}.Release|ARM.ActiveCfg = Release|iPhoneSimulator
		{EADA21CA-2439-4E96-A026-A1356140B7F1}.Release|ARM.Build.0 = Release|iPhoneSimulator
		{EADA21CA-2439-4E96-A026-A1356140B7F1}.Release|iPhone.ActiveCfg = Release|iPhone
		{EADA21CA-2439-4E96-A026-A1356140B7F1}.Release|iPhone.Build.0 = Release|iPhone
		{EADA21CA-2439-4E96-A026-A1356140B7F1}.Release|iPhone.Deploy.0 = Release|iPhone
		{EADA21CA-2439-4E96-A026-A1356140B7F1}.Release|iPhoneSimulator.ActiveCfg = Release|iPhoneSimulator
		{EADA21CA-2439-4E96-A026-A1356140B7F1}.Release|iPhoneSimulator.Build.0 = Release|iPhoneSimulator
		{EADA21CA-2439-4E96-A026-A1356140B7F1}.Release|iPhoneSimulator.Deploy.0 = Release|iPhoneSimulator
		{EADA21CA-2439-4E96-A026-A1356140B7F1}.Release|x64.ActiveCfg = Release|iPhoneSimulator
		{EADA21CA-2439-4E96-A026-A1356140B7F1}.Release|x64.Build.0 = Release|iPhoneSimulator
		{EADA21CA-2439-4E96-A026-A1356140B7F1}.Release|x86.ActiveCfg = Release|iPhoneSimulator
		{EADA21CA-2439-4E96-A026-A1356140B7F1}.Release|x86.Build.0 = Release|iPhoneSimulator
		{6DF0AAAF-8A62-47E7-ACE4-EA247D30FA67}.Debug|Any CPU.ActiveCfg = Debug|Any CPU
		{6DF0AAAF-8A62-47E7-ACE4-EA247D30FA67}.Debug|Any CPU.Build.0 = Debug|Any CPU
		{6DF0AAAF-8A62-47E7-ACE4-EA247D30FA67}.Debug|Any CPU.Deploy.0 = Debug|Any CPU
		{6DF0AAAF-8A62-47E7-ACE4-EA247D30FA67}.Debug|ARM.ActiveCfg = Debug|Any CPU
		{6DF0AAAF-8A62-47E7-ACE4-EA247D30FA67}.Debug|ARM.Build.0 = Debug|Any CPU
		{6DF0AAAF-8A62-47E7-ACE4-EA247D30FA67}.Debug|iPhone.ActiveCfg = Debug|Any CPU
		{6DF0AAAF-8A62-47E7-ACE4-EA247D30FA67}.Debug|iPhone.Build.0 = Debug|Any CPU
		{6DF0AAAF-8A62-47E7-ACE4-EA247D30FA67}.Debug|iPhone.Deploy.0 = Debug|Any CPU
		{6DF0AAAF-8A62-47E7-ACE4-EA247D30FA67}.Debug|iPhoneSimulator.ActiveCfg = Debug|Any CPU
		{6DF0AAAF-8A62-47E7-ACE4-EA247D30FA67}.Debug|iPhoneSimulator.Build.0 = Debug|Any CPU
		{6DF0AAAF-8A62-47E7-ACE4-EA247D30FA67}.Debug|iPhoneSimulator.Deploy.0 = Debug|Any CPU
		{6DF0AAAF-8A62-47E7-ACE4-EA247D30FA67}.Debug|x64.ActiveCfg = Debug|Any CPU
		{6DF0AAAF-8A62-47E7-ACE4-EA247D30FA67}.Debug|x64.Build.0 = Debug|Any CPU
		{6DF0AAAF-8A62-47E7-ACE4-EA247D30FA67}.Debug|x86.ActiveCfg = Debug|Any CPU
		{6DF0AAAF-8A62-47E7-ACE4-EA247D30FA67}.Debug|x86.Build.0 = Debug|Any CPU
		{6DF0AAAF-8A62-47E7-ACE4-EA247D30FA67}.Release|Any CPU.ActiveCfg = Release|Any CPU
		{6DF0AAAF-8A62-47E7-ACE4-EA247D30FA67}.Release|Any CPU.Build.0 = Release|Any CPU
		{6DF0AAAF-8A62-47E7-ACE4-EA247D30FA67}.Release|Any CPU.Deploy.0 = Release|Any CPU
		{6DF0AAAF-8A62-47E7-ACE4-EA247D30FA67}.Release|ARM.ActiveCfg = Release|Any CPU
		{6DF0AAAF-8A62-47E7-ACE4-EA247D30FA67}.Release|ARM.Build.0 = Release|Any CPU
		{6DF0AAAF-8A62-47E7-ACE4-EA247D30FA67}.Release|iPhone.ActiveCfg = Release|Any CPU
		{6DF0AAAF-8A62-47E7-ACE4-EA247D30FA67}.Release|iPhone.Build.0 = Release|Any CPU
		{6DF0AAAF-8A62-47E7-ACE4-EA247D30FA67}.Release|iPhone.Deploy.0 = Release|Any CPU
		{6DF0AAAF-8A62-47E7-ACE4-EA247D30FA67}.Release|iPhoneSimulator.ActiveCfg = Release|Any CPU
		{6DF0AAAF-8A62-47E7-ACE4-EA247D30FA67}.Release|iPhoneSimulator.Build.0 = Release|Any CPU
		{6DF0AAAF-8A62-47E7-ACE4-EA247D30FA67}.Release|iPhoneSimulator.Deploy.0 = Release|Any CPU
		{6DF0AAAF-8A62-47E7-ACE4-EA247D30FA67}.Release|x64.ActiveCfg = Release|Any CPU
		{6DF0AAAF-8A62-47E7-ACE4-EA247D30FA67}.Release|x64.Build.0 = Release|Any CPU
		{6DF0AAAF-8A62-47E7-ACE4-EA247D30FA67}.Release|x86.ActiveCfg = Release|Any CPU
		{6DF0AAAF-8A62-47E7-ACE4-EA247D30FA67}.Release|x86.Build.0 = Release|Any CPU
		{F3B8A6A9-2171-4905-BD4C-73D224BA533D}.Debug|Any CPU.ActiveCfg = Debug|Any CPU
		{F3B8A6A9-2171-4905-BD4C-73D224BA533D}.Debug|Any CPU.Build.0 = Debug|Any CPU
		{F3B8A6A9-2171-4905-BD4C-73D224BA533D}.Debug|ARM.ActiveCfg = Debug|Any CPU
		{F3B8A6A9-2171-4905-BD4C-73D224BA533D}.Debug|ARM.Build.0 = Debug|Any CPU
		{F3B8A6A9-2171-4905-BD4C-73D224BA533D}.Debug|iPhone.ActiveCfg = Debug|Any CPU
		{F3B8A6A9-2171-4905-BD4C-73D224BA533D}.Debug|iPhone.Build.0 = Debug|Any CPU
		{F3B8A6A9-2171-4905-BD4C-73D224BA533D}.Debug|iPhoneSimulator.ActiveCfg = Debug|Any CPU
		{F3B8A6A9-2171-4905-BD4C-73D224BA533D}.Debug|iPhoneSimulator.Build.0 = Debug|Any CPU
		{F3B8A6A9-2171-4905-BD4C-73D224BA533D}.Debug|x64.ActiveCfg = Debug|Any CPU
		{F3B8A6A9-2171-4905-BD4C-73D224BA533D}.Debug|x64.Build.0 = Debug|Any CPU
		{F3B8A6A9-2171-4905-BD4C-73D224BA533D}.Debug|x86.ActiveCfg = Debug|Any CPU
		{F3B8A6A9-2171-4905-BD4C-73D224BA533D}.Debug|x86.Build.0 = Debug|Any CPU
		{F3B8A6A9-2171-4905-BD4C-73D224BA533D}.Release|Any CPU.ActiveCfg = Release|Any CPU
		{F3B8A6A9-2171-4905-BD4C-73D224BA533D}.Release|Any CPU.Build.0 = Release|Any CPU
		{F3B8A6A9-2171-4905-BD4C-73D224BA533D}.Release|ARM.ActiveCfg = Release|Any CPU
		{F3B8A6A9-2171-4905-BD4C-73D224BA533D}.Release|ARM.Build.0 = Release|Any CPU
		{F3B8A6A9-2171-4905-BD4C-73D224BA533D}.Release|iPhone.ActiveCfg = Release|Any CPU
		{F3B8A6A9-2171-4905-BD4C-73D224BA533D}.Release|iPhone.Build.0 = Release|Any CPU
		{F3B8A6A9-2171-4905-BD4C-73D224BA533D}.Release|iPhoneSimulator.ActiveCfg = Release|Any CPU
		{F3B8A6A9-2171-4905-BD4C-73D224BA533D}.Release|iPhoneSimulator.Build.0 = Release|Any CPU
		{F3B8A6A9-2171-4905-BD4C-73D224BA533D}.Release|x64.ActiveCfg = Release|Any CPU
		{F3B8A6A9-2171-4905-BD4C-73D224BA533D}.Release|x64.Build.0 = Release|Any CPU
		{F3B8A6A9-2171-4905-BD4C-73D224BA533D}.Release|x86.ActiveCfg = Release|Any CPU
		{F3B8A6A9-2171-4905-BD4C-73D224BA533D}.Release|x86.Build.0 = Release|Any CPU
	EndGlobalSection
	GlobalSection(SolutionProperties) = preSolution
		HideSolutionNode = FALSE
	EndGlobalSection
	GlobalSection(ExtensibilityGlobals) = postSolution
		SolutionGuid = {D63DDA73-A054-410F-98F8-BB3497A73EE8}
	EndGlobalSection
EndGlobal
